
Microsoft Visual Studio Solution File, Format Version 12.00
# Visual Studio Version 16
VisualStudioVersion = 16.0.28803.156
MinimumVisualStudioVersion = 10.0.40219.1
Project("{2150E333-8FDC-42A3-9474-1A3956D46DE8}") = "Solution Items", "Solution Items", "{466B2F75-000A-484E-A279-0A2B4548B0D6}"
	ProjectSection(SolutionItems) = preProject
		.gitattributes = .gitattributes
		.gitignore = .gitignore
		README.md = README.md
	EndProjectSection
EndProject
Project("{9A19103F-16F7-4668-BE54-9A1E7A4F7556}") = "Kontract", "src\Kontract\Kontract.csproj", "{D1430C69-AC6F-428D-98C1-73AC164FE4FF}"
EndProject
Project("{9A19103F-16F7-4668-BE54-9A1E7A4F7556}") = "Kore", "src\Kore\Kore.csproj", "{8FB079E0-D80E-48BB-9DB7-1A28B7AD66F4}"
EndProject
Project("{9A19103F-16F7-4668-BE54-9A1E7A4F7556}") = "Komponent", "src\Komponent\Komponent.csproj", "{7292A99B-DED5-4EDE-A867-177584840A74}"
EndProject
Project("{9A19103F-16F7-4668-BE54-9A1E7A4F7556}") = "Kanvas", "src\Kanvas\Kanvas.csproj", "{2A713E25-CBA0-42E9-BC67-A552AB2A2036}"
EndProject
Project("{9A19103F-16F7-4668-BE54-9A1E7A4F7556}") = "Kryptography", "src\Kryptography\Kryptography.csproj", "{9E7CF76A-4FE6-4DE9-910F-7E59BBE6D924}"
EndProject
Project("{9A19103F-16F7-4668-BE54-9A1E7A4F7556}") = "Kompression", "src\Kompression\Kompression.csproj", "{2EEDCAF3-9893-4CCF-B764-EC8EFEFBB837}"
EndProject
Project("{FAE04EC0-301F-11D3-BF4B-00C04F79EFBC}") = "Kuriimu2_WinForms", "src\Kuriimu2_WinForms\Kuriimu2_WinForms.csproj", "{0BD4CBA2-FEA2-42A1-92E0-FB7BA4F389C4}"
EndProject
Project("{FAE04EC0-301F-11D3-BF4B-00C04F79EFBC}") = "Kuriimu2", "src\Kuriimu2\Kuriimu2.csproj", "{F6675105-6585-4FD2-A50F-355C14BB3D8E}"
EndProject
Project("{9A19103F-16F7-4668-BE54-9A1E7A4F7556}") = "Kuriimu2_Avalonia", "src\Kuriimu2_Avalonia\Kuriimu2_Avalonia.csproj", "{941C83A6-7B28-4DD5-B4BC-6D6BD6D505B8}"
EndProject
Global
	GlobalSection(SolutionConfigurationPlatforms) = preSolution
		Debug|Any CPU = Debug|Any CPU
		Release|Any CPU = Release|Any CPU
	EndGlobalSection
	GlobalSection(ProjectConfigurationPlatforms) = postSolution
		{D1430C69-AC6F-428D-98C1-73AC164FE4FF}.Debug|Any CPU.ActiveCfg = Debug|Any CPU
		{D1430C69-AC6F-428D-98C1-73AC164FE4FF}.Debug|Any CPU.Build.0 = Debug|Any CPU
		{D1430C69-AC6F-428D-98C1-73AC164FE4FF}.Release|Any CPU.ActiveCfg = Release|Any CPU
		{D1430C69-AC6F-428D-98C1-73AC164FE4FF}.Release|Any CPU.Build.0 = Release|Any CPU
		{8FB079E0-D80E-48BB-9DB7-1A28B7AD66F4}.Debug|Any CPU.ActiveCfg = Debug|Any CPU
		{8FB079E0-D80E-48BB-9DB7-1A28B7AD66F4}.Debug|Any CPU.Build.0 = Debug|Any CPU
		{8FB079E0-D80E-48BB-9DB7-1A28B7AD66F4}.Release|Any CPU.ActiveCfg = Release|Any CPU
		{8FB079E0-D80E-48BB-9DB7-1A28B7AD66F4}.Release|Any CPU.Build.0 = Release|Any CPU
		{7292A99B-DED5-4EDE-A867-177584840A74}.Debug|Any CPU.ActiveCfg = Debug|Any CPU
		{7292A99B-DED5-4EDE-A867-177584840A74}.Debug|Any CPU.Build.0 = Debug|Any CPU
		{7292A99B-DED5-4EDE-A867-177584840A74}.Release|Any CPU.ActiveCfg = Release|Any CPU
		{7292A99B-DED5-4EDE-A867-177584840A74}.Release|Any CPU.Build.0 = Release|Any CPU
		{2A713E25-CBA0-42E9-BC67-A552AB2A2036}.Debug|Any CPU.ActiveCfg = Debug|Any CPU
		{2A713E25-CBA0-42E9-BC67-A552AB2A2036}.Debug|Any CPU.Build.0 = Debug|Any CPU
		{2A713E25-CBA0-42E9-BC67-A552AB2A2036}.Release|Any CPU.ActiveCfg = Release|Any CPU
		{2A713E25-CBA0-42E9-BC67-A552AB2A2036}.Release|Any CPU.Build.0 = Release|Any CPU
		{9E7CF76A-4FE6-4DE9-910F-7E59BBE6D924}.Debug|Any CPU.ActiveCfg = Debug|Any CPU
		{9E7CF76A-4FE6-4DE9-910F-7E59BBE6D924}.Debug|Any CPU.Build.0 = Debug|Any CPU
		{9E7CF76A-4FE6-4DE9-910F-7E59BBE6D924}.Release|Any CPU.ActiveCfg = Release|Any CPU
		{9E7CF76A-4FE6-4DE9-910F-7E59BBE6D924}.Release|Any CPU.Build.0 = Release|Any CPU
		{2EEDCAF3-9893-4CCF-B764-EC8EFEFBB837}.Debug|Any CPU.ActiveCfg = Debug|Any CPU
		{2EEDCAF3-9893-4CCF-B764-EC8EFEFBB837}.Debug|Any CPU.Build.0 = Debug|Any CPU
		{2EEDCAF3-9893-4CCF-B764-EC8EFEFBB837}.Release|Any CPU.ActiveCfg = Release|Any CPU
		{2EEDCAF3-9893-4CCF-B764-EC8EFEFBB837}.Release|Any CPU.Build.0 = Release|Any CPU
		{0BD4CBA2-FEA2-42A1-92E0-FB7BA4F389C4}.Debug|Any CPU.ActiveCfg = Debug|Any CPU
		{0BD4CBA2-FEA2-42A1-92E0-FB7BA4F389C4}.Debug|Any CPU.Build.0 = Debug|Any CPU
		{0BD4CBA2-FEA2-42A1-92E0-FB7BA4F389C4}.Release|Any CPU.ActiveCfg = Release|Any CPU
		{0BD4CBA2-FEA2-42A1-92E0-FB7BA4F389C4}.Release|Any CPU.Build.0 = Release|Any CPU
		{F6675105-6585-4FD2-A50F-355C14BB3D8E}.Debug|Any CPU.ActiveCfg = Debug|Any CPU
		{F6675105-6585-4FD2-A50F-355C14BB3D8E}.Debug|Any CPU.Build.0 = Debug|Any CPU
		{F6675105-6585-4FD2-A50F-355C14BB3D8E}.Release|Any CPU.ActiveCfg = Release|Any CPU
		{F6675105-6585-4FD2-A50F-355C14BB3D8E}.Release|Any CPU.Build.0 = Release|Any CPU
		{941C83A6-7B28-4DD5-B4BC-6D6BD6D505B8}.Debug|Any CPU.ActiveCfg = Debug|Any CPU
		{941C83A6-7B28-4DD5-B4BC-6D6BD6D505B8}.Debug|Any CPU.Build.0 = Debug|Any CPU
		{941C83A6-7B28-4DD5-B4BC-6D6BD6D505B8}.Release|Any CPU.ActiveCfg = Release|Any CPU
		{941C83A6-7B28-4DD5-B4BC-6D6BD6D505B8}.Release|Any CPU.Build.0 = Release|Any CPU
	EndGlobalSection
	GlobalSection(SolutionProperties) = preSolution
		HideSolutionNode = FALSE
	EndGlobalSection
	GlobalSection(ExtensibilityGlobals) = postSolution
		SolutionGuid = {BD93AB4B-CC36-4480-8731-F3BC9BD4A239}
	EndGlobalSection
EndGlobal
